
Microsoft Visual Studio Solution File, Format Version 12.00
# Visual Studio 15
VisualStudioVersion = 15.0.27004.2008
MinimumVisualStudioVersion = 10.0.40219.1
Project("{FAE04EC0-301F-11D3-BF4B-00C04F79EFBC}") = "AppXam.Android", "AppXam\AppXam.Android\AppXam.Android.csproj", "{DDBE147A-1EEF-42C3-88A5-F7FCD8D0851E}"
EndProject
Project("{FAE04EC0-301F-11D3-BF4B-00C04F79EFBC}") = "AppXam", "AppXam\AppXam\AppXam.csproj", "{8C5FD938-E055-4423-B700-4F2D8FD60990}"
EndProject
Project("{FAE04EC0-301F-11D3-BF4B-00C04F79EFBC}") = "AppXam.UWP", "AppXam\AppXam.UWP\AppXam.UWP.csproj", "{1A01673B-39CD-4085-8FFC-32110A8B2259}"
EndProject
Project("{FAE04EC0-301F-11D3-BF4B-00C04F79EFBC}") = "AppXam.iOS", "AppXam\AppXam.iOS\AppXam.iOS.csproj", "{07337F2D-C162-4253-A8E3-8A0CC304E81F}"
EndProject
Global
	GlobalSection(SolutionConfigurationPlatforms) = preSolution
		Ad-Hoc|Any CPU = Ad-Hoc|Any CPU
		Ad-Hoc|ARM = Ad-Hoc|ARM
		Ad-Hoc|iPhone = Ad-Hoc|iPhone
		Ad-Hoc|iPhoneSimulator = Ad-Hoc|iPhoneSimulator
		Ad-Hoc|x64 = Ad-Hoc|x64
		Ad-Hoc|x86 = Ad-Hoc|x86
		AppStore|Any CPU = AppStore|Any CPU
		AppStore|ARM = AppStore|ARM
		AppStore|iPhone = AppStore|iPhone
		AppStore|iPhoneSimulator = AppStore|iPhoneSimulator
		AppStore|x64 = AppStore|x64
		AppStore|x86 = AppStore|x86
		Debug|Any CPU = Debug|Any CPU
		Debug|ARM = Debug|ARM
		Debug|iPhone = Debug|iPhone
		Debug|iPhoneSimulator = Debug|iPhoneSimulator
		Debug|x64 = Debug|x64
		Debug|x86 = Debug|x86
		Release|Any CPU = Release|Any CPU
		Release|ARM = Release|ARM
		Release|iPhone = Release|iPhone
		Release|iPhoneSimulator = Release|iPhoneSimulator
		Release|x64 = Release|x64
		Release|x86 = Release|x86
	EndGlobalSection
	GlobalSection(ProjectConfigurationPlatforms) = postSolution
		{DDBE147A-1EEF-42C3-88A5-F7FCD8D0851E}.Ad-Hoc|Any CPU.ActiveCfg = Release|Any CPU
		{DDBE147A-1EEF-42C3-88A5-F7FCD8D0851E}.Ad-Hoc|Any CPU.Build.0 = Release|Any CPU
		{DDBE147A-1EEF-42C3-88A5-F7FCD8D0851E}.Ad-Hoc|Any CPU.Deploy.0 = Release|Any CPU
		{DDBE147A-1EEF-42C3-88A5-F7FCD8D0851E}.Ad-Hoc|ARM.ActiveCfg = Release|Any CPU
		{DDBE147A-1EEF-42C3-88A5-F7FCD8D0851E}.Ad-Hoc|ARM.Build.0 = Release|Any CPU
		{DDBE147A-1EEF-42C3-88A5-F7FCD8D0851E}.Ad-Hoc|ARM.Deploy.0 = Release|Any CPU
		{DDBE147A-1EEF-42C3-88A5-F7FCD8D0851E}.Ad-Hoc|iPhone.ActiveCfg = Release|Any CPU
		{DDBE147A-1EEF-42C3-88A5-F7FCD8D0851E}.Ad-Hoc|iPhone.Build.0 = Release|Any CPU
		{DDBE147A-1EEF-42C3-88A5-F7FCD8D0851E}.Ad-Hoc|iPhone.Deploy.0 = Release|Any CPU
		{DDBE147A-1EEF-42C3-88A5-F7FCD8D0851E}.Ad-Hoc|iPhoneSimulator.ActiveCfg = Release|Any CPU
		{DDBE147A-1EEF-42C3-88A5-F7FCD8D0851E}.Ad-Hoc|iPhoneSimulator.Build.0 = Release|Any CPU
		{DDBE147A-1EEF-42C3-88A5-F7FCD8D0851E}.Ad-Hoc|iPhoneSimulator.Deploy.0 = Release|Any CPU
		{DDBE147A-1EEF-42C3-88A5-F7FCD8D0851E}.Ad-Hoc|x64.ActiveCfg = Release|Any CPU
		{DDBE147A-1EEF-42C3-88A5-F7FCD8D0851E}.Ad-Hoc|x64.Build.0 = Release|Any CPU
		{DDBE147A-1EEF-42C3-88A5-F7FCD8D0851E}.Ad-Hoc|x64.Deploy.0 = Release|Any CPU
		{DDBE147A-1EEF-42C3-88A5-F7FCD8D0851E}.Ad-Hoc|x86.ActiveCfg = Release|Any CPU
		{DDBE147A-1EEF-42C3-88A5-F7FCD8D0851E}.Ad-Hoc|x86.Build.0 = Release|Any CPU
		{DDBE147A-1EEF-42C3-88A5-F7FCD8D0851E}.Ad-Hoc|x86.Deploy.0 = Release|Any CPU
		{DDBE147A-1EEF-42C3-88A5-F7FCD8D0851E}.AppStore|Any CPU.ActiveCfg = Release|Any CPU
		{DDBE147A-1EEF-42C3-88A5-F7FCD8D0851E}.AppStore|Any CPU.Build.0 = Release|Any CPU
		{DDBE147A-1EEF-42C3-88A5-F7FCD8D0851E}.AppStore|Any CPU.Deploy.0 = Release|Any CPU
		{DDBE147A-1EEF-42C3-88A5-F7FCD8D0851E}.AppStore|ARM.ActiveCfg = Release|Any CPU
		{DDBE147A-1EEF-42C3-88A5-F7FCD8D0851E}.AppStore|ARM.Build.0 = Release|Any CPU
		{DDBE147A-1EEF-42C3-88A5-F7FCD8D0851E}.AppStore|ARM.Deploy.0 = Release|Any CPU
		{DDBE147A-1EEF-42C3-88A5-F7FCD8D0851E}.AppStore|iPhone.ActiveCfg = Release|Any CPU
		{DDBE147A-1EEF-42C3-88A5-F7FCD8D0851E}.AppStore|iPhone.Build.0 = Release|Any CPU
		{DDBE147A-1EEF-42C3-88A5-F7FCD8D0851E}.AppStore|iPhone.Deploy.0 = Release|Any CPU
		{DDBE147A-1EEF-42C3-88A5-F7FCD8D0851E}.AppStore|iPhoneSimulator.ActiveCfg = Release|Any CPU
		{DDBE147A-1EEF-42C3-88A5-F7FCD8D0851E}.AppStore|iPhoneSimulator.Build.0 = Release|Any CPU
		{DDBE147A-1EEF-42C3-88A5-F7FCD8D0851E}.AppStore|iPhoneSimulator.Deploy.0 = Release|Any CPU
		{DDBE147A-1EEF-42C3-88A5-F7FCD8D0851E}.AppStore|x64.ActiveCfg = Release|Any CPU
		{DDBE147A-1EEF-42C3-88A5-F7FCD8D0851E}.AppStore|x64.Build.0 = Release|Any CPU
		{DDBE147A-1EEF-42C3-88A5-F7FCD8D0851E}.AppStore|x64.Deploy.0 = Release|Any CPU
		{DDBE147A-1EEF-42C3-88A5-F7FCD8D0851E}.AppStore|x86.ActiveCfg = Release|Any CPU
		{DDBE147A-1EEF-42C3-88A5-F7FCD8D0851E}.AppStore|x86.Build.0 = Release|Any CPU
		{DDBE147A-1EEF-42C3-88A5-F7FCD8D0851E}.AppStore|x86.Deploy.0 = Release|Any CPU
		{DDBE147A-1EEF-42C3-88A5-F7FCD8D0851E}.Debug|Any CPU.ActiveCfg = Debug|Any CPU
		{DDBE147A-1EEF-42C3-88A5-F7FCD8D0851E}.Debug|Any CPU.Build.0 = Debug|Any CPU
		{DDBE147A-1EEF-42C3-88A5-F7FCD8D0851E}.Debug|Any CPU.Deploy.0 = Debug|Any CPU
		{DDBE147A-1EEF-42C3-88A5-F7FCD8D0851E}.Debug|ARM.ActiveCfg = Debug|Any CPU
		{DDBE147A-1EEF-42C3-88A5-F7FCD8D0851E}.Debug|ARM.Build.0 = Debug|Any CPU
		{DDBE147A-1EEF-42C3-88A5-F7FCD8D0851E}.Debug|ARM.Deploy.0 = Debug|Any CPU
		{DDBE147A-1EEF-42C3-88A5-F7FCD8D0851E}.Debug|iPhone.ActiveCfg = Debug|Any CPU
		{DDBE147A-1EEF-42C3-88A5-F7FCD8D0851E}.Debug|iPhone.Build.0 = Debug|Any CPU
		{DDBE147A-1EEF-42C3-88A5-F7FCD8D0851E}.Debug|iPhone.Deploy.0 = Debug|Any CPU
		{DDBE147A-1EEF-42C3-88A5-F7FCD8D0851E}.Debug|iPhoneSimulator.ActiveCfg = Debug|Any CPU
		{DDBE147A-1EEF-42C3-88A5-F7FCD8D0851E}.Debug|iPhoneSimulator.Build.0 = Debug|Any CPU
		{DDBE147A-1EEF-42C3-88A5-F7FCD8D0851E}.Debug|iPhoneSimulator.Deploy.0 = Debug|Any CPU
		{DDBE147A-1EEF-42C3-88A5-F7FCD8D0851E}.Debug|x64.ActiveCfg = Debug|Any CPU
		{DDBE147A-1EEF-42C3-88A5-F7FCD8D0851E}.Debug|x64.Build.0 = Debug|Any CPU
		{DDBE147A-1EEF-42C3-88A5-F7FCD8D0851E}.Debug|x64.Deploy.0 = Debug|Any CPU
		{DDBE147A-1EEF-42C3-88A5-F7FCD8D0851E}.Debug|x86.ActiveCfg = Debug|Any CPU
		{DDBE147A-1EEF-42C3-88A5-F7FCD8D0851E}.Debug|x86.Build.0 = Debug|Any CPU
		{DDBE147A-1EEF-42C3-88A5-F7FCD8D0851E}.Debug|x86.Deploy.0 = Debug|Any CPU
		{DDBE147A-1EEF-42C3-88A5-F7FCD8D0851E}.Release|Any CPU.ActiveCfg = Release|Any CPU
		{DDBE147A-1EEF-42C3-88A5-F7FCD8D0851E}.Release|Any CPU.Build.0 = Release|Any CPU
		{DDBE147A-1EEF-42C3-88A5-F7FCD8D0851E}.Release|Any CPU.Deploy.0 = Release|Any CPU
		{DDBE147A-1EEF-42C3-88A5-F7FCD8D0851E}.Release|ARM.ActiveCfg = Release|Any CPU
		{DDBE147A-1EEF-42C3-88A5-F7FCD8D0851E}.Release|ARM.Build.0 = Release|Any CPU
		{DDBE147A-1EEF-42C3-88A5-F7FCD8D0851E}.Release|ARM.Deploy.0 = Release|Any CPU
		{DDBE147A-1EEF-42C3-88A5-F7FCD8D0851E}.Release|iPhone.ActiveCfg = Release|Any CPU
		{DDBE147A-1EEF-42C3-88A5-F7FCD8D0851E}.Release|iPhone.Build.0 = Release|Any CPU
		{DDBE147A-1EEF-42C3-88A5-F7FCD8D0851E}.Release|iPhone.Deploy.0 = Release|Any CPU
		{DDBE147A-1EEF-42C3-88A5-F7FCD8D0851E}.Release|iPhoneSimulator.ActiveCfg = Release|Any CPU
		{DDBE147A-1EEF-42C3-88A5-F7FCD8D0851E}.Release|iPhoneSimulator.Build.0 = Release|Any CPU
		{DDBE147A-1EEF-42C3-88A5-F7FCD8D0851E}.Release|iPhoneSimulator.Deploy.0 = Release|Any CPU
		{DDBE147A-1EEF-42C3-88A5-F7FCD8D0851E}.Release|x64.ActiveCfg = Release|Any CPU
		{DDBE147A-1EEF-42C3-88A5-F7FCD8D0851E}.Release|x64.Build.0 = Release|Any CPU
		{DDBE147A-1EEF-42C3-88A5-F7FCD8D0851E}.Release|x64.Deploy.0 = Release|Any CPU
		{DDBE147A-1EEF-42C3-88A5-F7FCD8D0851E}.Release|x86.ActiveCfg = Release|Any CPU
		{DDBE147A-1EEF-42C3-88A5-F7FCD8D0851E}.Release|x86.Build.0 = Release|Any CPU
		{DDBE147A-1EEF-42C3-88A5-F7FCD8D0851E}.Release|x86.Deploy.0 = Release|Any CPU
		{8C5FD938-E055-4423-B700-4F2D8FD60990}.Ad-Hoc|Any CPU.ActiveCfg = Release|Any CPU
		{8C5FD938-E055-4423-B700-4F2D8FD60990}.Ad-Hoc|Any CPU.Build.0 = Release|Any CPU
		{8C5FD938-E055-4423-B700-4F2D8FD60990}.Ad-Hoc|ARM.ActiveCfg = Release|Any CPU
		{8C5FD938-E055-4423-B700-4F2D8FD60990}.Ad-Hoc|ARM.Build.0 = Release|Any CPU
		{8C5FD938-E055-4423-B700-4F2D8FD60990}.Ad-Hoc|iPhone.ActiveCfg = Release|Any CPU
		{8C5FD938-E055-4423-B700-4F2D8FD60990}.Ad-Hoc|iPhone.Build.0 = Release|Any CPU
		{8C5FD938-E055-4423-B700-4F2D8FD60990}.Ad-Hoc|iPhoneSimulator.ActiveCfg = Release|Any CPU
		{8C5FD938-E055-4423-B700-4F2D8FD60990}.Ad-Hoc|iPhoneSimulator.Build.0 = Release|Any CPU
		{8C5FD938-E055-4423-B700-4F2D8FD60990}.Ad-Hoc|x64.ActiveCfg = Release|Any CPU
		{8C5FD938-E055-4423-B700-4F2D8FD60990}.Ad-Hoc|x64.Build.0 = Release|Any CPU
		{8C5FD938-E055-4423-B700-4F2D8FD60990}.Ad-Hoc|x86.ActiveCfg = Release|Any CPU
		{8C5FD938-E055-4423-B700-4F2D8FD60990}.Ad-Hoc|x86.Build.0 = Release|Any CPU
		{8C5FD938-E055-4423-B700-4F2D8FD60990}.AppStore|Any CPU.ActiveCfg = Release|Any CPU
		{8C5FD938-E055-4423-B700-4F2D8FD60990}.AppStore|Any CPU.Build.0 = Release|Any CPU
		{8C5FD938-E055-4423-B700-4F2D8FD60990}.AppStore|ARM.ActiveCfg = Release|Any CPU
		{8C5FD938-E055-4423-B700-4F2D8FD60990}.AppStore|ARM.Build.0 = Release|Any CPU
		{8C5FD938-E055-4423-B700-4F2D8FD60990}.AppStore|iPhone.ActiveCfg = Release|Any CPU
		{8C5FD938-E055-4423-B700-4F2D8FD60990}.AppStore|iPhone.Build.0 = Release|Any CPU
		{8C5FD938-E055-4423-B700-4F2D8FD60990}.AppStore|iPhoneSimulator.ActiveCfg = Release|Any CPU
		{8C5FD938-E055-4423-B700-4F2D8FD60990}.AppStore|iPhoneSimulator.Build.0 = Release|Any CPU
		{8C5FD938-E055-4423-B700-4F2D8FD60990}.AppStore|x64.ActiveCfg = Release|Any CPU
		{8C5FD938-E055-4423-B700-4F2D8FD60990}.AppStore|x64.Build.0 = Release|Any CPU
		{8C5FD938-E055-4423-B700-4F2D8FD60990}.AppStore|x86.ActiveCfg = Release|Any CPU
		{8C5FD938-E055-4423-B700-4F2D8FD60990}.AppStore|x86.Build.0 = Release|Any CPU
		{8C5FD938-E055-4423-B700-4F2D8FD60990}.Debug|Any CPU.ActiveCfg = Debug|Any CPU
		{8C5FD938-E055-4423-B700-4F2D8FD60990}.Debug|Any CPU.Build.0 = Debug|Any CPU
		{8C5FD938-E055-4423-B700-4F2D8FD60990}.Debug|ARM.ActiveCfg = Debug|Any CPU
		{8C5FD938-E055-4423-B700-4F2D8FD60990}.Debug|ARM.Build.0 = Debug|Any CPU
		{8C5FD938-E055-4423-B700-4F2D8FD60990}.Debug|iPhone.ActiveCfg = Debug|Any CPU
		{8C5FD938-E055-4423-B700-4F2D8FD60990}.Debug|iPhone.Build.0 = Debug|Any CPU
		{8C5FD938-E055-4423-B700-4F2D8FD60990}.Debug|iPhoneSimulator.ActiveCfg = Debug|Any CPU
		{8C5FD938-E055-4423-B700-4F2D8FD60990}.Debug|iPhoneSimulator.Build.0 = Debug|Any CPU
		{8C5FD938-E055-4423-B700-4F2D8FD60990}.Debug|x64.ActiveCfg = Debug|Any CPU
		{8C5FD938-E055-4423-B700-4F2D8FD60990}.Debug|x64.Build.0 = Debug|Any CPU
		{8C5FD938-E055-4423-B700-4F2D8FD60990}.Debug|x86.ActiveCfg = Debug|Any CPU
		{8C5FD938-E055-4423-B700-4F2D8FD60990}.Debug|x86.Build.0 = Debug|Any CPU
		{8C5FD938-E055-4423-B700-4F2D8FD60990}.Release|Any CPU.ActiveCfg = Release|Any CPU
		{8C5FD938-E055-4423-B700-4F2D8FD60990}.Release|Any CPU.Build.0 = Release|Any CPU
		{8C5FD938-E055-4423-B700-4F2D8FD60990}.Release|ARM.ActiveCfg = Release|Any CPU
		{8C5FD938-E055-4423-B700-4F2D8FD60990}.Release|ARM.Build.0 = Release|Any CPU
		{8C5FD938-E055-4423-B700-4F2D8FD60990}.Release|iPhone.ActiveCfg = Release|Any CPU
		{8C5FD938-E055-4423-B700-4F2D8FD60990}.Release|iPhone.Build.0 = Release|Any CPU
		{8C5FD938-E055-4423-B700-4F2D8FD60990}.Release|iPhoneSimulator.ActiveCfg = Release|Any CPU
		{8C5FD938-E055-4423-B700-4F2D8FD60990}.Release|iPhoneSimulator.Build.0 = Release|Any CPU
		{8C5FD938-E055-4423-B700-4F2D8FD60990}.Release|x64.ActiveCfg = Release|Any CPU
		{8C5FD938-E055-4423-B700-4F2D8FD60990}.Release|x64.Build.0 = Release|Any CPU
		{8C5FD938-E055-4423-B700-4F2D8FD60990}.Release|x86.ActiveCfg = Release|Any CPU
		{8C5FD938-E055-4423-B700-4F2D8FD60990}.Release|x86.Build.0 = Release|Any CPU
		{1A01673B-39CD-4085-8FFC-32110A8B2259}.Ad-Hoc|Any CPU.ActiveCfg = Release|x86
		{1A01673B-39CD-4085-8FFC-32110A8B2259}.Ad-Hoc|Any CPU.Build.0 = Release|x86
		{1A01673B-39CD-4085-8FFC-32110A8B2259}.Ad-Hoc|Any CPU.Deploy.0 = Release|x86
		{1A01673B-39CD-4085-8FFC-32110A8B2259}.Ad-Hoc|ARM.ActiveCfg = Release|ARM
		{1A01673B-39CD-4085-8FFC-32110A8B2259}.Ad-Hoc|ARM.Build.0 = Release|ARM
		{1A01673B-39CD-4085-8FFC-32110A8B2259}.Ad-Hoc|ARM.Deploy.0 = Release|ARM
		{1A01673B-39CD-4085-8FFC-32110A8B2259}.Ad-Hoc|iPhone.ActiveCfg = Release|x86
		{1A01673B-39CD-4085-8FFC-32110A8B2259}.Ad-Hoc|iPhone.Build.0 = Release|x86
		{1A01673B-39CD-4085-8FFC-32110A8B2259}.Ad-Hoc|iPhone.Deploy.0 = Release|x86
		{1A01673B-39CD-4085-8FFC-32110A8B2259}.Ad-Hoc|iPhoneSimulator.ActiveCfg = Release|x86
		{1A01673B-39CD-4085-8FFC-32110A8B2259}.Ad-Hoc|iPhoneSimulator.Build.0 = Release|x86
		{1A01673B-39CD-4085-8FFC-32110A8B2259}.Ad-Hoc|iPhoneSimulator.Deploy.0 = Release|x86
		{1A01673B-39CD-4085-8FFC-32110A8B2259}.Ad-Hoc|x64.ActiveCfg = Release|x64
		{1A01673B-39CD-4085-8FFC-32110A8B2259}.Ad-Hoc|x64.Build.0 = Release|x64
		{1A01673B-39CD-4085-8FFC-32110A8B2259}.Ad-Hoc|x64.Deploy.0 = Release|x64
		{1A01673B-39CD-4085-8FFC-32110A8B2259}.Ad-Hoc|x86.ActiveCfg = Release|x86
		{1A01673B-39CD-4085-8FFC-32110A8B2259}.Ad-Hoc|x86.Build.0 = Release|x86
		{1A01673B-39CD-4085-8FFC-32110A8B2259}.Ad-Hoc|x86.Deploy.0 = Release|x86
		{1A01673B-39CD-4085-8FFC-32110A8B2259}.AppStore|Any CPU.ActiveCfg = Release|x86
		{1A01673B-39CD-4085-8FFC-32110A8B2259}.AppStore|Any CPU.Build.0 = Release|x86
		{1A01673B-39CD-4085-8FFC-32110A8B2259}.AppStore|Any CPU.Deploy.0 = Release|x86
		{1A01673B-39CD-4085-8FFC-32110A8B2259}.AppStore|ARM.ActiveCfg = Release|ARM
		{1A01673B-39CD-4085-8FFC-32110A8B2259}.AppStore|ARM.Build.0 = Release|ARM
		{1A01673B-39CD-4085-8FFC-32110A8B2259}.AppStore|ARM.Deploy.0 = Release|ARM
		{1A01673B-39CD-4085-8FFC-32110A8B2259}.AppStore|iPhone.ActiveCfg = Release|x86
		{1A01673B-39CD-4085-8FFC-32110A8B2259}.AppStore|iPhone.Build.0 = Release|x86
		{1A01673B-39CD-4085-8FFC-32110A8B2259}.AppStore|iPhone.Deploy.0 = Release|x86
		{1A01673B-39CD-4085-8FFC-32110A8B2259}.AppStore|iPhoneSimulator.ActiveCfg = Release|x86
		{1A01673B-39CD-4085-8FFC-32110A8B2259}.AppStore|iPhoneSimulator.Build.0 = Release|x86
		{1A01673B-39CD-4085-8FFC-32110A8B2259}.AppStore|iPhoneSimulator.Deploy.0 = Release|x86
		{1A01673B-39CD-4085-8FFC-32110A8B2259}.AppStore|x64.ActiveCfg = Release|x64
		{1A01673B-39CD-4085-8FFC-32110A8B2259}.AppStore|x64.Build.0 = Release|x64
		{1A01673B-39CD-4085-8FFC-32110A8B2259}.AppStore|x64.Deploy.0 = Release|x64
		{1A01673B-39CD-4085-8FFC-32110A8B2259}.AppStore|x86.ActiveCfg = Release|x86
		{1A01673B-39CD-4085-8FFC-32110A8B2259}.AppStore|x86.Build.0 = Release|x86
		{1A01673B-39CD-4085-8FFC-32110A8B2259}.AppStore|x86.Deploy.0 = Release|x86
		{1A01673B-39CD-4085-8FFC-32110A8B2259}.Debug|Any CPU.ActiveCfg = Debug|x86
		{1A01673B-39CD-4085-8FFC-32110A8B2259}.Debug|ARM.ActiveCfg = Debug|ARM
		{1A01673B-39CD-4085-8FFC-32110A8B2259}.Debug|ARM.Build.0 = Debug|ARM
		{1A01673B-39CD-4085-8FFC-32110A8B2259}.Debug|ARM.Deploy.0 = Debug|ARM
		{1A01673B-39CD-4085-8FFC-32110A8B2259}.Debug|iPhone.ActiveCfg = Debug|x86
		{1A01673B-39CD-4085-8FFC-32110A8B2259}.Debug|iPhoneSimulator.ActiveCfg = Debug|x86
		{1A01673B-39CD-4085-8FFC-32110A8B2259}.Debug|x64.ActiveCfg = Debug|x64
		{1A01673B-39CD-4085-8FFC-32110A8B2259}.Debug|x64.Build.0 = Debug|x64
		{1A01673B-39CD-4085-8FFC-32110A8B2259}.Debug|x64.Deploy.0 = Debug|x64
		{1A01673B-39CD-4085-8FFC-32110A8B2259}.Debug|x86.ActiveCfg = Debug|x86
		{1A01673B-39CD-4085-8FFC-32110A8B2259}.Debug|x86.Build.0 = Debug|x86
		{1A01673B-39CD-4085-8FFC-32110A8B2259}.Debug|x86.Deploy.0 = Debug|x86
		{1A01673B-39CD-4085-8FFC-32110A8B2259}.Release|Any CPU.ActiveCfg = Release|x86
		{1A01673B-39CD-4085-8FFC-32110A8B2259}.Release|ARM.ActiveCfg = Release|ARM
		{1A01673B-39CD-4085-8FFC-32110A8B2259}.Release|ARM.Build.0 = Release|ARM
		{1A01673B-39CD-4085-8FFC-32110A8B2259}.Release|ARM.Deploy.0 = Release|ARM
		{1A01673B-39CD-4085-8FFC-32110A8B2259}.Release|iPhone.ActiveCfg = Release|x86
		{1A01673B-39CD-4085-8FFC-32110A8B2259}.Release|iPhoneSimulator.ActiveCfg = Release|x86
		{1A01673B-39CD-4085-8FFC-32110A8B2259}.Release|x64.ActiveCfg = Release|x64
		{1A01673B-39CD-4085-8FFC-32110A8B2259}.Release|x64.Build.0 = Release|x64
		{1A01673B-39CD-4085-8FFC-32110A8B2259}.Release|x64.Deploy.0 = Release|x64
		{1A01673B-39CD-4085-8FFC-32110A8B2259}.Release|x86.ActiveCfg = Release|x86
		{1A01673B-39CD-4085-8FFC-32110A8B2259}.Release|x86.Build.0 = Release|x86
		{1A01673B-39CD-4085-8FFC-32110A8B2259}.Release|x86.Deploy.0 = Release|x86
		{07337F2D-C162-4253-A8E3-8A0CC304E81F}.Ad-Hoc|Any CPU.ActiveCfg = Ad-Hoc|iPhoneSimulator
		{07337F2D-C162-4253-A8E3-8A0CC304E81F}.Ad-Hoc|ARM.ActiveCfg = Ad-Hoc|iPhone
		{07337F2D-C162-4253-A8E3-8A0CC304E81F}.Ad-Hoc|iPhone.ActiveCfg = Ad-Hoc|iPhone
		{07337F2D-C162-4253-A8E3-8A0CC304E81F}.Ad-Hoc|iPhone.Build.0 = Ad-Hoc|iPhone
		{07337F2D-C162-4253-A8E3-8A0CC304E81F}.Ad-Hoc|iPhoneSimulator.ActiveCfg = Ad-Hoc|iPhoneSimulator
		{07337F2D-C162-4253-A8E3-8A0CC304E81F}.Ad-Hoc|iPhoneSimulator.Build.0 = Ad-Hoc|iPhoneSimulator
		{07337F2D-C162-4253-A8E3-8A0CC304E81F}.Ad-Hoc|x64.ActiveCfg = Ad-Hoc|iPhone
		{07337F2D-C162-4253-A8E3-8A0CC304E81F}.Ad-Hoc|x86.ActiveCfg = Ad-Hoc|iPhone
		{07337F2D-C162-4253-A8E3-8A0CC304E81F}.AppStore|Any CPU.ActiveCfg = AppStore|iPhoneSimulator
		{07337F2D-C162-4253-A8E3-8A0CC304E81F}.AppStore|ARM.ActiveCfg = AppStore|iPhone
		{07337F2D-C162-4253-A8E3-8A0CC304E81F}.AppStore|iPhone.ActiveCfg = AppStore|iPhone
		{07337F2D-C162-4253-A8E3-8A0CC304E81F}.AppStore|iPhone.Build.0 = AppStore|iPhone
		{07337F2D-C162-4253-A8E3-8A0CC304E81F}.AppStore|iPhoneSimulator.ActiveCfg = AppStore|iPhoneSimulator
		{07337F2D-C162-4253-A8E3-8A0CC304E81F}.AppStore|iPhoneSimulator.Build.0 = AppStore|iPhoneSimulator
		{07337F2D-C162-4253-A8E3-8A0CC304E81F}.AppStore|x64.ActiveCfg = AppStore|iPhone
		{07337F2D-C162-4253-A8E3-8A0CC304E81F}.AppStore|x86.ActiveCfg = AppStore|iPhone
		{07337F2D-C162-4253-A8E3-8A0CC304E81F}.Debug|Any CPU.ActiveCfg = Debug|iPhoneSimulator
		{07337F2D-C162-4253-A8E3-8A0CC304E81F}.Debug|ARM.ActiveCfg = Debug|iPhone
		{07337F2D-C162-4253-A8E3-8A0CC304E81F}.Debug|iPhone.ActiveCfg = Debug|iPhone
		{07337F2D-C162-4253-A8E3-8A0CC304E81F}.Debug|iPhone.Build.0 = Debug|iPhone
		{07337F2D-C162-4253-A8E3-8A0CC304E81F}.Debug|iPhoneSimulator.ActiveCfg = Debug|iPhoneSimulator
		{07337F2D-C162-4253-A8E3-8A0CC304E81F}.Debug|iPhoneSimulator.Build.0 = Debug|iPhoneSimulator
		{07337F2D-C162-4253-A8E3-8A0CC304E81F}.Debug|x64.ActiveCfg = Debug|iPhone
		{07337F2D-C162-4253-A8E3-8A0CC304E81F}.Debug|x86.ActiveCfg = Debug|iPhone
		{07337F2D-C162-4253-A8E3-8A0CC304E81F}.Release|Any CPU.ActiveCfg = Release|iPhoneSimulator
		{07337F2D-C162-4253-A8E3-8A0CC304E81F}.Release|ARM.ActiveCfg = Release|iPhone
		{07337F2D-C162-4253-A8E3-8A0CC304E81F}.Release|iPhone.ActiveCfg = Release|iPhone
		{07337F2D-C162-4253-A8E3-8A0CC304E81F}.Release|iPhone.Build.0 = Release|iPhone
		{07337F2D-C162-4253-A8E3-8A0CC304E81F}.Release|iPhoneSimulator.ActiveCfg = Release|iPhoneSimulator
		{07337F2D-C162-4253-A8E3-8A0CC304E81F}.Release|iPhoneSimulator.Build.0 = Release|iPhoneSimulator
		{07337F2D-C162-4253-A8E3-8A0CC304E81F}.Release|x64.ActiveCfg = Release|iPhone
		{07337F2D-C162-4253-A8E3-8A0CC304E81F}.Release|x86.ActiveCfg = Release|iPhone
	EndGlobalSection
	GlobalSection(SolutionProperties) = preSolution
		HideSolutionNode = FALSE
	EndGlobalSection
	GlobalSection(ExtensibilityGlobals) = postSolution
		SolutionGuid = {CE7B44CB-DC89-4797-BF9A-09FC7EA420B9}
	EndGlobalSection
EndGlobal
